// !$*UTF8*$!
{
	archiveVersion = 1;
	classes = {
	};
	objectVersion = 46;
	objects = {

/* Begin PBXBuildFile section */
		A601A7E5183DEF94003B7480 /* WebKit.framework in Frameworks */ = {isa = PBXBuildFile; fileRef = A63927E7182E17A000C2884C /* WebKit.framework */; };
		A64379D0183A034A005FE37C /* MainWindowController.m in Sources */ = {isa = PBXBuildFile; fileRef = A64379CF183A034A005FE37C /* MainWindowController.m */; };
		A64379D3183A0463005FE37C /* MainWindow.xib in Resources */ = {isa = PBXBuildFile; fileRef = A64379D1183A0463005FE37C /* MainWindow.xib */; };
		A64379E3183A3E46005FE37C /* NodeItem.m in Sources */ = {isa = PBXBuildFile; fileRef = A64379E0183A3E46005FE37C /* NodeItem.m */; };
		A6437A06183A5D5E005FE37C /* XCTest.framework in Frameworks */ = {isa = PBXBuildFile; fileRef = A63DC9B9182E128700298C9A /* XCTest.framework */; };
		A6437A0C183A5D5E005FE37C /* InfoPlist.strings in Resources */ = {isa = PBXBuildFile; fileRef = A6437A0A183A5D5E005FE37C /* InfoPlist.strings */; };
		A6437A0E183A5D5E005FE37C /* PowerMateDialTests.m in Sources */ = {isa = PBXBuildFile; fileRef = A6437A0D183A5D5E005FE37C /* PowerMateDialTests.m */; };
		A64659951830C99600634936 /* Cocoa.framework in Frameworks */ = {isa = PBXBuildFile; fileRef = A63DC99A182E128700298C9A /* Cocoa.framework */; };
		A646599B1830C99600634936 /* InfoPlist.strings in Resources */ = {isa = PBXBuildFile; fileRef = A64659991830C99600634936 /* InfoPlist.strings */; };
		A646599D1830C99600634936 /* main.m in Sources */ = {isa = PBXBuildFile; fileRef = A646599C1830C99600634936 /* main.m */; };
		A64659A11830C99600634936 /* Credits.rtf in Resources */ = {isa = PBXBuildFile; fileRef = A646599F1830C99600634936 /* Credits.rtf */; };
		A64659A41830C99600634936 /* AppDelegate.m in Sources */ = {isa = PBXBuildFile; fileRef = A64659A31830C99600634936 /* AppDelegate.m */; };
		A64659A71830C99600634936 /* MainMenu.xib in Resources */ = {isa = PBXBuildFile; fileRef = A64659A51830C99600634936 /* MainMenu.xib */; };
		A64659A91830C99600634936 /* Images.xcassets in Resources */ = {isa = PBXBuildFile; fileRef = A64659A81830C99600634936 /* Images.xcassets */; };
		A6EA7732183CFCD700AA0EBF /* data.json in Resources */ = {isa = PBXBuildFile; fileRef = A6EA7731183CFCD600AA0EBF /* data.json */; };
/* End PBXBuildFile section */

/* Begin PBXContainerItemProxy section */
		A6437A10183A5D5E005FE37C /* PBXContainerItemProxy */ = {
			isa = PBXContainerItemProxy;
			containerPortal = A63DC98F182E128700298C9A /* Project object */;
			proxyType = 1;
			remoteGlobalIDString = A64659931830C99600634936;
			remoteInfo = PowerMateDial;
		};
/* End PBXContainerItemProxy section */

/* Begin PBXFileReference section */
		A63927E7182E17A000C2884C /* WebKit.framework */ = {isa = PBXFileReference; lastKnownFileType = wrapper.framework; name = WebKit.framework; path = System/Library/Frameworks/WebKit.framework; sourceTree = SDKROOT; };
		A63927EF182E2EC400C2884C /* Common.xcconfig */ = {isa = PBXFileReference; fileEncoding = 4; lastKnownFileType = text.xcconfig; path = Common.xcconfig; sourceTree = "<group>"; };
		A63927F1182E2EC400C2884C /* Debug.xcconfig */ = {isa = PBXFileReference; fileEncoding = 4; lastKnownFileType = text.xcconfig; path = Debug.xcconfig; sourceTree = "<group>"; };
		A63927F2182E2EC400C2884C /* Profile.xcconfig */ = {isa = PBXFileReference; fileEncoding = 4; lastKnownFileType = text.xcconfig; path = Profile.xcconfig; sourceTree = "<group>"; };
		A63927F3182E2EC400C2884C /* Release.xcconfig */ = {isa = PBXFileReference; fileEncoding = 4; lastKnownFileType = text.xcconfig; path = Release.xcconfig; sourceTree = "<group>"; };
		A63927F4182E2EC400C2884C /* Test.xcconfig */ = {isa = PBXFileReference; fileEncoding = 4; lastKnownFileType = text.xcconfig; path = Test.xcconfig; sourceTree = "<group>"; };
		A63927F6182E2EC400C2884C /* Application.xcconfig */ = {isa = PBXFileReference; fileEncoding = 4; lastKnownFileType = text.xcconfig; path = Application.xcconfig; sourceTree = "<group>"; };
		A63927F7182E2EC400C2884C /* StaticLibrary.xcconfig */ = {isa = PBXFileReference; fileEncoding = 4; lastKnownFileType = text.xcconfig; path = StaticLibrary.xcconfig; sourceTree = "<group>"; };
		A63927F9182E2EC400C2884C /* iOS-Application.xcconfig */ = {isa = PBXFileReference; fileEncoding = 4; lastKnownFileType = text.xcconfig; path = "iOS-Application.xcconfig"; sourceTree = "<group>"; };
		A63927FA182E2EC400C2884C /* iOS-Base.xcconfig */ = {isa = PBXFileReference; fileEncoding = 4; lastKnownFileType = text.xcconfig; path = "iOS-Base.xcconfig"; sourceTree = "<group>"; };
		A63927FB182E2EC400C2884C /* iOS-StaticLibrary.xcconfig */ = {isa = PBXFileReference; fileEncoding = 4; lastKnownFileType = text.xcconfig; path = "iOS-StaticLibrary.xcconfig"; sourceTree = "<group>"; };
		A63927FD182E2EC400C2884C /* Mac-Application.xcconfig */ = {isa = PBXFileReference; fileEncoding = 4; lastKnownFileType = text.xcconfig; path = "Mac-Application.xcconfig"; sourceTree = "<group>"; };
		A63927FE182E2EC400C2884C /* Mac-Base.xcconfig */ = {isa = PBXFileReference; fileEncoding = 4; lastKnownFileType = text.xcconfig; path = "Mac-Base.xcconfig"; sourceTree = "<group>"; };
		A63927FF182E2EC400C2884C /* Mac-DynamicLibrary.xcconfig */ = {isa = PBXFileReference; fileEncoding = 4; lastKnownFileType = text.xcconfig; path = "Mac-DynamicLibrary.xcconfig"; sourceTree = "<group>"; };
		A6392800182E2EC400C2884C /* Mac-Framework.xcconfig */ = {isa = PBXFileReference; fileEncoding = 4; lastKnownFileType = text.xcconfig; path = "Mac-Framework.xcconfig"; sourceTree = "<group>"; };
		A6392801182E2EC400C2884C /* Mac-StaticLibrary.xcconfig */ = {isa = PBXFileReference; fileEncoding = 4; lastKnownFileType = text.xcconfig; path = "Mac-StaticLibrary.xcconfig"; sourceTree = "<group>"; };
		A6392802182E2EC400C2884C /* README.md */ = {isa = PBXFileReference; fileEncoding = 4; lastKnownFileType = text; path = README.md; sourceTree = "<group>"; };
		A63DC99A182E128700298C9A /* Cocoa.framework */ = {isa = PBXFileReference; lastKnownFileType = wrapper.framework; name = Cocoa.framework; path = System/Library/Frameworks/Cocoa.framework; sourceTree = SDKROOT; };
		A63DC99D182E128700298C9A /* AppKit.framework */ = {isa = PBXFileReference; lastKnownFileType = wrapper.framework; name = AppKit.framework; path = System/Library/Frameworks/AppKit.framework; sourceTree = SDKROOT; };
		A63DC99E182E128700298C9A /* CoreData.framework */ = {isa = PBXFileReference; lastKnownFileType = wrapper.framework; name = CoreData.framework; path = System/Library/Frameworks/CoreData.framework; sourceTree = SDKROOT; };
		A63DC99F182E128700298C9A /* Foundation.framework */ = {isa = PBXFileReference; lastKnownFileType = wrapper.framework; name = Foundation.framework; path = System/Library/Frameworks/Foundation.framework; sourceTree = SDKROOT; };
		A63DC9B9182E128700298C9A /* XCTest.framework */ = {isa = PBXFileReference; lastKnownFileType = wrapper.framework; name = XCTest.framework; path = Library/Frameworks/XCTest.framework; sourceTree = DEVELOPER_DIR; };
		A64379CE183A034A005FE37C /* MainWindowController.h */ = {isa = PBXFileReference; fileEncoding = 4; lastKnownFileType = sourcecode.c.h; path = MainWindowController.h; sourceTree = "<group>"; };
		A64379CF183A034A005FE37C /* MainWindowController.m */ = {isa = PBXFileReference; fileEncoding = 4; lastKnownFileType = sourcecode.c.objc; path = MainWindowController.m; sourceTree = "<group>"; };
		A64379D2183A0463005FE37C /* Base */ = {isa = PBXFileReference; lastKnownFileType = file.xib; name = Base; path = Base.lproj/MainWindow.xib; sourceTree = "<group>"; };
		A64379DF183A3E46005FE37C /* NodeItem.h */ = {isa = PBXFileReference; fileEncoding = 4; lastKnownFileType = sourcecode.c.h; path = NodeItem.h; sourceTree = "<group>"; };
		A64379E0183A3E46005FE37C /* NodeItem.m */ = {isa = PBXFileReference; fileEncoding = 4; lastKnownFileType = sourcecode.c.objc; path = NodeItem.m; sourceTree = "<group>"; };
		A6437A05183A5D5E005FE37C /* PowerMateDialTests.xctest */ = {isa = PBXFileReference; explicitFileType = wrapper.cfbundle; includeInIndex = 0; path = PowerMateDialTests.xctest; sourceTree = BUILT_PRODUCTS_DIR; };
		A6437A09183A5D5E005FE37C /* PowerMateDialTests-Info.plist */ = {isa = PBXFileReference; lastKnownFileType = text.plist.xml; path = "PowerMateDialTests-Info.plist"; sourceTree = "<group>"; };
		A6437A0B183A5D5E005FE37C /* en */ = {isa = PBXFileReference; lastKnownFileType = text.plist.strings; name = en; path = en.lproj/InfoPlist.strings; sourceTree = "<group>"; };
		A6437A0D183A5D5E005FE37C /* PowerMateDialTests.m */ = {isa = PBXFileReference; lastKnownFileType = sourcecode.c.objc; path = PowerMateDialTests.m; sourceTree = "<group>"; };
		A6437A0F183A5D5E005FE37C /* PowerMateDialTests-Prefix.pch */ = {isa = PBXFileReference; lastKnownFileType = sourcecode.c.h; path = "PowerMateDialTests-Prefix.pch"; sourceTree = "<group>"; };
		A64659941830C99600634936 /* PowerMateDial.app */ = {isa = PBXFileReference; explicitFileType = wrapper.application; includeInIndex = 0; path = PowerMateDial.app; sourceTree = BUILT_PRODUCTS_DIR; };
		A64659981830C99600634936 /* PowerMateDial-Info.plist */ = {isa = PBXFileReference; lastKnownFileType = text.plist.xml; path = "PowerMateDial-Info.plist"; sourceTree = "<group>"; };
		A646599A1830C99600634936 /* en */ = {isa = PBXFileReference; lastKnownFileType = text.plist.strings; name = en; path = en.lproj/InfoPlist.strings; sourceTree = "<group>"; };
		A646599C1830C99600634936 /* main.m */ = {isa = PBXFileReference; lastKnownFileType = sourcecode.c.objc; path = main.m; sourceTree = "<group>"; };
		A646599E1830C99600634936 /* PowerMateDial-Prefix.pch */ = {isa = PBXFileReference; lastKnownFileType = sourcecode.c.h; path = "PowerMateDial-Prefix.pch"; sourceTree = "<group>"; };
		A64659A01830C99600634936 /* en */ = {isa = PBXFileReference; lastKnownFileType = text.rtf; name = en; path = en.lproj/Credits.rtf; sourceTree = "<group>"; };
		A64659A21830C99600634936 /* AppDelegate.h */ = {isa = PBXFileReference; lastKnownFileType = sourcecode.c.h; path = AppDelegate.h; sourceTree = "<group>"; };
		A64659A31830C99600634936 /* AppDelegate.m */ = {isa = PBXFileReference; lastKnownFileType = sourcecode.c.objc; path = AppDelegate.m; sourceTree = "<group>"; };
		A64659A61830C99600634936 /* Base */ = {isa = PBXFileReference; lastKnownFileType = file.xib; name = Base; path = Base.lproj/MainMenu.xib; sourceTree = "<group>"; };
		A64659A81830C99600634936 /* Images.xcassets */ = {isa = PBXFileReference; lastKnownFileType = folder.assetcatalog; path = Images.xcassets; sourceTree = "<group>"; };
		A6EA7731183CFCD600AA0EBF /* data.json */ = {isa = PBXFileReference; fileEncoding = 4; lastKnownFileType = text.json; name = data.json; path = ../Data/data.json; sourceTree = "<group>"; };
/* End PBXFileReference section */

/* Begin PBXFrameworksBuildPhase section */
		A6437A02183A5D5E005FE37C /* Frameworks */ = {
			isa = PBXFrameworksBuildPhase;
			buildActionMask = 2147483647;
			files = (
				A6437A06183A5D5E005FE37C /* XCTest.framework in Frameworks */,
			);
			runOnlyForDeploymentPostprocessing = 0;
		};
		A64659911830C99600634936 /* Frameworks */ = {
			isa = PBXFrameworksBuildPhase;
			buildActionMask = 2147483647;
			files = (
				A601A7E5183DEF94003B7480 /* WebKit.framework in Frameworks */,
				A64659951830C99600634936 /* Cocoa.framework in Frameworks */,
			);
			runOnlyForDeploymentPostprocessing = 0;
		};
/* End PBXFrameworksBuildPhase section */

/* Begin PBXGroup section */
		A63927ED182E2EC400C2884C /* Configuration */ = {
			isa = PBXGroup;
			children = (
				A63927EE182E2EC400C2884C /* Base */,
				A63927F8182E2EC400C2884C /* iOS */,
				A63927FC182E2EC400C2884C /* Mac OS X */,
				A6392802182E2EC400C2884C /* README.md */,
			);
			path = Configuration;
			sourceTree = "<group>";
		};
		A63927EE182E2EC400C2884C /* Base */ = {
			isa = PBXGroup;
			children = (
				A63927EF182E2EC400C2884C /* Common.xcconfig */,
				A63927F0182E2EC400C2884C /* Configurations */,
				A63927F5182E2EC400C2884C /* Targets */,
			);
			path = Base;
			sourceTree = "<group>";
		};
		A63927F0182E2EC400C2884C /* Configurations */ = {
			isa = PBXGroup;
			children = (
				A63927F1182E2EC400C2884C /* Debug.xcconfig */,
				A63927F2182E2EC400C2884C /* Profile.xcconfig */,
				A63927F3182E2EC400C2884C /* Release.xcconfig */,
				A63927F4182E2EC400C2884C /* Test.xcconfig */,
			);
			path = Configurations;
			sourceTree = "<group>";
		};
		A63927F5182E2EC400C2884C /* Targets */ = {
			isa = PBXGroup;
			children = (
				A63927F6182E2EC400C2884C /* Application.xcconfig */,
				A63927F7182E2EC400C2884C /* StaticLibrary.xcconfig */,
			);
			path = Targets;
			sourceTree = "<group>";
		};
		A63927F8182E2EC400C2884C /* iOS */ = {
			isa = PBXGroup;
			children = (
				A63927F9182E2EC400C2884C /* iOS-Application.xcconfig */,
				A63927FA182E2EC400C2884C /* iOS-Base.xcconfig */,
				A63927FB182E2EC400C2884C /* iOS-StaticLibrary.xcconfig */,
			);
			path = iOS;
			sourceTree = "<group>";
		};
		A63927FC182E2EC400C2884C /* Mac OS X */ = {
			isa = PBXGroup;
			children = (
				A63927FD182E2EC400C2884C /* Mac-Application.xcconfig */,
				A63927FE182E2EC400C2884C /* Mac-Base.xcconfig */,
				A63927FF182E2EC400C2884C /* Mac-DynamicLibrary.xcconfig */,
				A6392800182E2EC400C2884C /* Mac-Framework.xcconfig */,
				A6392801182E2EC400C2884C /* Mac-StaticLibrary.xcconfig */,
			);
			path = "Mac OS X";
			sourceTree = "<group>";
		};
		A63DC98E182E128700298C9A = {
			isa = PBXGroup;
			children = (
				A63927ED182E2EC400C2884C /* Configuration */,
				A64659961830C99600634936 /* PowerMateDial */,
				A6437A07183A5D5E005FE37C /* PowerMateDialTests */,
				A63DC999182E128700298C9A /* Frameworks */,
				A63DC998182E128700298C9A /* Products */,
			);
			sourceTree = "<group>";
		};
		A63DC998182E128700298C9A /* Products */ = {
			isa = PBXGroup;
			children = (
				A64659941830C99600634936 /* PowerMateDial.app */,
				A6437A05183A5D5E005FE37C /* PowerMateDialTests.xctest */,
			);
			name = Products;
			sourceTree = "<group>";
		};
		A63DC999182E128700298C9A /* Frameworks */ = {
			isa = PBXGroup;
			children = (
				A63927E7182E17A000C2884C /* WebKit.framework */,
				A63DC99A182E128700298C9A /* Cocoa.framework */,
				A63DC9B9182E128700298C9A /* XCTest.framework */,
				A63DC99C182E128700298C9A /* Other Frameworks */,
			);
			name = Frameworks;
			sourceTree = "<group>";
		};
		A63DC99C182E128700298C9A /* Other Frameworks */ = {
			isa = PBXGroup;
			children = (
				A63DC99D182E128700298C9A /* AppKit.framework */,
				A63DC99E182E128700298C9A /* CoreData.framework */,
				A63DC99F182E128700298C9A /* Foundation.framework */,
			);
			name = "Other Frameworks";
			sourceTree = "<group>";
		};
		A64379DA183A24D3005FE37C /* MainWindow */ = {
			isa = PBXGroup;
			children = (
				A64379CE183A034A005FE37C /* MainWindowController.h */,
				A64379CF183A034A005FE37C /* MainWindowController.m */,
				A64379D1183A0463005FE37C /* MainWindow.xib */,
			);
			name = MainWindow;
			sourceTree = "<group>";
		};
		A64379DB183A24DC005FE37C /* AppDelegate */ = {
			isa = PBXGroup;
			children = (
				A64659A21830C99600634936 /* AppDelegate.h */,
				A64659A31830C99600634936 /* AppDelegate.m */,
				A64659A51830C99600634936 /* MainMenu.xib */,
			);
			name = AppDelegate;
			sourceTree = "<group>";
		};
		A64379E5183A3E4E005FE37C /* Tree Suport */ = {
			isa = PBXGroup;
			children = (
				A64379DF183A3E46005FE37C /* NodeItem.h */,
				A64379E0183A3E46005FE37C /* NodeItem.m */,
			);
			name = "Tree Suport";
			sourceTree = "<group>";
		};
		A6437A07183A5D5E005FE37C /* PowerMateDialTests */ = {
			isa = PBXGroup;
			children = (
				A6437A0D183A5D5E005FE37C /* PowerMateDialTests.m */,
				A6437A08183A5D5E005FE37C /* Supporting Files */,
			);
			path = PowerMateDialTests;
			sourceTree = "<group>";
		};
		A6437A08183A5D5E005FE37C /* Supporting Files */ = {
			isa = PBXGroup;
			children = (
				A6EA7731183CFCD600AA0EBF /* data.json */,
				A6437A09183A5D5E005FE37C /* PowerMateDialTests-Info.plist */,
				A6437A0A183A5D5E005FE37C /* InfoPlist.strings */,
				A6437A0F183A5D5E005FE37C /* PowerMateDialTests-Prefix.pch */,
			);
			name = "Supporting Files";
			sourceTree = "<group>";
		};
		A64659961830C99600634936 /* PowerMateDial */ = {
			isa = PBXGroup;
			children = (
				A64379E5183A3E4E005FE37C /* Tree Suport */,
				A64379DB183A24DC005FE37C /* AppDelegate */,
				A64379DA183A24D3005FE37C /* MainWindow */,
				A64659A81830C99600634936 /* Images.xcassets */,
				A64659971830C99600634936 /* Supporting Files */,
			);
			path = PowerMateDial;
			sourceTree = "<group>";
		};
		A64659971830C99600634936 /* Supporting Files */ = {
			isa = PBXGroup;
			children = (
				A64659981830C99600634936 /* PowerMateDial-Info.plist */,
				A64659991830C99600634936 /* InfoPlist.strings */,
				A646599C1830C99600634936 /* main.m */,
				A646599E1830C99600634936 /* PowerMateDial-Prefix.pch */,
				A646599F1830C99600634936 /* Credits.rtf */,
			);
			name = "Supporting Files";
			sourceTree = "<group>";
		};
/* End PBXGroup section */

/* Begin PBXNativeTarget section */
		A6437A04183A5D5E005FE37C /* PowerMateDialTests */ = {
			isa = PBXNativeTarget;
			buildConfigurationList = A6437A14183A5D5E005FE37C /* Build configuration list for PBXNativeTarget "PowerMateDialTests" */;
			buildPhases = (
				A6437A01183A5D5E005FE37C /* Sources */,
				A6437A02183A5D5E005FE37C /* Frameworks */,
				A6437A03183A5D5E005FE37C /* Resources */,
			);
			buildRules = (
			);
			dependencies = (
				A6437A11183A5D5E005FE37C /* PBXTargetDependency */,
			);
			name = PowerMateDialTests;
			productName = PowerMateDialTests;
			productReference = A6437A05183A5D5E005FE37C /* PowerMateDialTests.xctest */;
			productType = "com.apple.product-type.bundle.unit-test";
		};
		A64659931830C99600634936 /* PowerMateDial */ = {
			isa = PBXNativeTarget;
			buildConfigurationList = A64659BF1830C99600634936 /* Build configuration list for PBXNativeTarget "PowerMateDial" */;
			buildPhases = (
				A64659901830C99600634936 /* Sources */,
				A64659911830C99600634936 /* Frameworks */,
				A64659921830C99600634936 /* Resources */,
			);
			buildRules = (
			);
			dependencies = (
			);
			name = PowerMateDial;
			productName = PowerMateDial;
			productReference = A64659941830C99600634936 /* PowerMateDial.app */;
			productType = "com.apple.product-type.application";
		};
/* End PBXNativeTarget section */

/* Begin PBXProject section */
		A63DC98F182E128700298C9A /* Project object */ = {
			isa = PBXProject;
			attributes = {
				CLASSPREFIX = "";
				LastUpgradeCheck = 0500;
				ORGANIZATIONNAME = "Yusuke Sakurai";
				TargetAttributes = {
					A6437A04183A5D5E005FE37C = {
						TestTargetID = A64659931830C99600634936;
					};
				};
			};
			buildConfigurationList = A63DC992182E128700298C9A /* Build configuration list for PBXProject "PowerMateApp" */;
			compatibilityVersion = "Xcode 3.2";
			developmentRegion = English;
			hasScannedForEncodings = 0;
			knownRegions = (
				en,
				Base,
			);
			mainGroup = A63DC98E182E128700298C9A;
			productRefGroup = A63DC998182E128700298C9A /* Products */;
			projectDirPath = "";
			projectRoot = "";
			targets = (
				A64659931830C99600634936 /* PowerMateDial */,
				A6437A04183A5D5E005FE37C /* PowerMateDialTests */,
			);
		};
/* End PBXProject section */

/* Begin PBXResourcesBuildPhase section */
		A6437A03183A5D5E005FE37C /* Resources */ = {
			isa = PBXResourcesBuildPhase;
			buildActionMask = 2147483647;
			files = (
				A6437A0C183A5D5E005FE37C /* InfoPlist.strings in Resources */,
			);
			runOnlyForDeploymentPostprocessing = 0;
		};
		A64659921830C99600634936 /* Resources */ = {
			isa = PBXResourcesBuildPhase;
			buildActionMask = 2147483647;
			files = (
				A646599B1830C99600634936 /* InfoPlist.strings in Resources */,
				A6EA7732183CFCD700AA0EBF /* data.json in Resources */,
				A64379D3183A0463005FE37C /* MainWindow.xib in Resources */,
				A64659A91830C99600634936 /* Images.xcassets in Resources */,
				A64659A11830C99600634936 /* Credits.rtf in Resources */,
				A64659A71830C99600634936 /* MainMenu.xib in Resources */,
			);
			runOnlyForDeploymentPostprocessing = 0;
		};
/* End PBXResourcesBuildPhase section */

/* Begin PBXSourcesBuildPhase section */
		A6437A01183A5D5E005FE37C /* Sources */ = {
			isa = PBXSourcesBuildPhase;
			buildActionMask = 2147483647;
			files = (
				A6437A0E183A5D5E005FE37C /* PowerMateDialTests.m in Sources */,
			);
			runOnlyForDeploymentPostprocessing = 0;
		};
		A64659901830C99600634936 /* Sources */ = {
			isa = PBXSourcesBuildPhase;
			buildActionMask = 2147483647;
			files = (
				A64659A41830C99600634936 /* AppDelegate.m in Sources */,
				A64379E3183A3E46005FE37C /* NodeItem.m in Sources */,
				A646599D1830C99600634936 /* main.m in Sources */,
				A64379D0183A034A005FE37C /* MainWindowController.m in Sources */,
			);
			runOnlyForDeploymentPostprocessing = 0;
		};
/* End PBXSourcesBuildPhase section */

/* Begin PBXTargetDependency section */
		A6437A11183A5D5E005FE37C /* PBXTargetDependency */ = {
			isa = PBXTargetDependency;
			target = A64659931830C99600634936 /* PowerMateDial */;
			targetProxy = A6437A10183A5D5E005FE37C /* PBXContainerItemProxy */;
		};
/* End PBXTargetDependency section */

/* Begin PBXVariantGroup section */
		A64379D1183A0463005FE37C /* MainWindow.xib */ = {
			isa = PBXVariantGroup;
			children = (
				A64379D2183A0463005FE37C /* Base */,
			);
			name = MainWindow.xib;
			sourceTree = "<group>";
		};
		A6437A0A183A5D5E005FE37C /* InfoPlist.strings */ = {
			isa = PBXVariantGroup;
			children = (
				A6437A0B183A5D5E005FE37C /* en */,
			);
			name = InfoPlist.strings;
			sourceTree = "<group>";
		};
		A64659991830C99600634936 /* InfoPlist.strings */ = {
			isa = PBXVariantGroup;
			children = (
				A646599A1830C99600634936 /* en */,
			);
			name = InfoPlist.strings;
			sourceTree = "<group>";
		};
		A646599F1830C99600634936 /* Credits.rtf */ = {
			isa = PBXVariantGroup;
			children = (
				A64659A01830C99600634936 /* en */,
			);
			name = Credits.rtf;
			sourceTree = "<group>";
		};
		A64659A51830C99600634936 /* MainMenu.xib */ = {
			isa = PBXVariantGroup;
			children = (
				A64659A61830C99600634936 /* Base */,
			);
			name = MainMenu.xib;
			sourceTree = "<group>";
		};
/* End PBXVariantGroup section */

/* Begin XCBuildConfiguration section */
		A63DC9C6182E128700298C9A /* Debug */ = {
			isa = XCBuildConfiguration;
			baseConfigurationReference = A63927F1182E2EC400C2884C /* Debug.xcconfig */;
			buildSettings = {
				ALWAYS_SEARCH_USER_PATHS = NO;
				CLANG_CXX_LANGUAGE_STANDARD = "gnu++0x";
				CLANG_CXX_LIBRARY = "libc++";
				CLANG_ENABLE_OBJC_ARC = YES;
				CLANG_WARN_BOOL_CONVERSION = YES;
				CLANG_WARN_CONSTANT_CONVERSION = YES;
				CLANG_WARN_DIRECT_OBJC_ISA_USAGE = YES_ERROR;
				CLANG_WARN_EMPTY_BODY = YES;
				CLANG_WARN_ENUM_CONVERSION = YES;
				CLANG_WARN_INT_CONVERSION = YES;
				CLANG_WARN_OBJC_ROOT_CLASS = YES_ERROR;
				CLANG_WARN__DUPLICATE_METHOD_MATCH = YES;
				COPY_PHASE_STRIP = NO;
				GCC_C_LANGUAGE_STANDARD = gnu99;
				GCC_DYNAMIC_NO_PIC = NO;
				GCC_ENABLE_OBJC_EXCEPTIONS = YES;
				GCC_OPTIMIZATION_LEVEL = 0;
				GCC_PREPROCESSOR_DEFINITIONS = (
					"DEBUG=1",
					"$(inherited)",
				);
				GCC_SYMBOLS_PRIVATE_EXTERN = NO;
				GCC_WARN_64_TO_32_BIT_CONVERSION = YES;
				GCC_WARN_ABOUT_RETURN_TYPE = YES_ERROR;
				GCC_WARN_UNDECLARED_SELECTOR = YES;
				GCC_WARN_UNINITIALIZED_AUTOS = YES;
				GCC_WARN_UNUSED_FUNCTION = YES;
				GCC_WARN_UNUSED_VARIABLE = YES;
				MACOSX_DEPLOYMENT_TARGET = 10.7;
				ONLY_ACTIVE_ARCH = YES;
				SDKROOT = macosx;
			};
			name = Debug;
		};
		A63DC9C7182E128700298C9A /* Release */ = {
			isa = XCBuildConfiguration;
			baseConfigurationReference = A63927F3182E2EC400C2884C /* Release.xcconfig */;
			buildSettings = {
				ALWAYS_SEARCH_USER_PATHS = NO;
				CLANG_CXX_LANGUAGE_STANDARD = "gnu++0x";
				CLANG_CXX_LIBRARY = "libc++";
				CLANG_ENABLE_OBJC_ARC = YES;
				CLANG_WARN_BOOL_CONVERSION = YES;
				CLANG_WARN_CONSTANT_CONVERSION = YES;
				CLANG_WARN_DIRECT_OBJC_ISA_USAGE = YES_ERROR;
				CLANG_WARN_EMPTY_BODY = YES;
				CLANG_WARN_ENUM_CONVERSION = YES;
				CLANG_WARN_INT_CONVERSION = YES;
				CLANG_WARN_OBJC_ROOT_CLASS = YES_ERROR;
				CLANG_WARN__DUPLICATE_METHOD_MATCH = YES;
				COPY_PHASE_STRIP = YES;
				DEBUG_INFORMATION_FORMAT = "dwarf-with-dsym";
				ENABLE_NS_ASSERTIONS = NO;
				GCC_C_LANGUAGE_STANDARD = gnu99;
				GCC_ENABLE_OBJC_EXCEPTIONS = YES;
				GCC_WARN_64_TO_32_BIT_CONVERSION = YES;
				GCC_WARN_ABOUT_RETURN_TYPE = YES_ERROR;
				GCC_WARN_UNDECLARED_SELECTOR = YES;
				GCC_WARN_UNINITIALIZED_AUTOS = YES;
				GCC_WARN_UNUSED_FUNCTION = YES;
				GCC_WARN_UNUSED_VARIABLE = YES;
				MACOSX_DEPLOYMENT_TARGET = 10.7;
				SDKROOT = macosx;
			};
			name = Release;
		};
		A6437A12183A5D5E005FE37C /* Debug */ = {
			isa = XCBuildConfiguration;
			baseConfigurationReference = A63927FD182E2EC400C2884C /* Mac-Application.xcconfig */;
			buildSettings = {
				BUNDLE_LOADER = "$(BUILT_PRODUCTS_DIR)/PowerMateDial.app/Contents/MacOS/PowerMateDial";
				FRAMEWORK_SEARCH_PATHS = (
					"$(DEVELOPER_FRAMEWORKS_DIR)",
					"$(inherited)",
				);
				GCC_PRECOMPILE_PREFIX_HEADER = YES;
				GCC_PREFIX_HEADER = "PowerMateDialTests/PowerMateDialTests-Prefix.pch";
				GCC_PREPROCESSOR_DEFINITIONS = (
					"DEBUG=1",
					"$(inherited)",
				);
				INFOPLIST_FILE = "PowerMateDialTests/PowerMateDialTests-Info.plist";
				MACOSX_DEPLOYMENT_TARGET = 10.9;
				PRODUCT_NAME = "$(TARGET_NAME)";
				TEST_HOST = "$(BUNDLE_LOADER)";
				WRAPPER_EXTENSION = xctest;
			};
			name = Debug;
		};
		A6437A13183A5D5E005FE37C /* Release */ = {
			isa = XCBuildConfiguration;
			baseConfigurationReference = A63927FD182E2EC400C2884C /* Mac-Application.xcconfig */;
			buildSettings = {
				BUNDLE_LOADER = "$(BUILT_PRODUCTS_DIR)/PowerMateDial.app/Contents/MacOS/PowerMateDial";
				FRAMEWORK_SEARCH_PATHS = (
					"$(DEVELOPER_FRAMEWORKS_DIR)",
					"$(inherited)",
				);
				GCC_PRECOMPILE_PREFIX_HEADER = YES;
				GCC_PREFIX_HEADER = "PowerMateDialTests/PowerMateDialTests-Prefix.pch";
				INFOPLIST_FILE = "PowerMateDialTests/PowerMateDialTests-Info.plist";
				MACOSX_DEPLOYMENT_TARGET = 10.9;
				PRODUCT_NAME = "$(TARGET_NAME)";
				TEST_HOST = "$(BUNDLE_LOADER)";
				WRAPPER_EXTENSION = xctest;
			};
			name = Release;
		};
		A64659BB1830C99600634936 /* Debug */ = {
			isa = XCBuildConfiguration;
			baseConfigurationReference = A63927FD182E2EC400C2884C /* Mac-Application.xcconfig */;
			buildSettings = {
				ARCHS = "$(ARCHS_STANDARD)";
				ASSETCATALOG_COMPILER_APPICON_NAME = AppIcon;
				COMBINE_HIDPI_IMAGES = YES;
				GCC_PRECOMPILE_PREFIX_HEADER = YES;
				GCC_PREFIX_HEADER = "PowerMateDial/PowerMateDial-Prefix.pch";
				GCC_PREPROCESSOR_DEFINITIONS = (
					"DEBUG=1",
					"$(inherited)",
				);
				INFOPLIST_FILE = "PowerMateDial/PowerMateDial-Info.plist";
				MACOSX_DEPLOYMENT_TARGET = 10.7;
				PRODUCT_NAME = "$(TARGET_NAME)";
				WRAPPER_EXTENSION = app;
			};
			name = Debug;
		};
		A64659BC1830C99600634936 /* Release */ = {
			isa = XCBuildConfiguration;
			baseConfigurationReference = A63927FD182E2EC400C2884C /* Mac-Application.xcconfig */;
			buildSettings = {
				ARCHS = "$(ARCHS_STANDARD)";
				ASSETCATALOG_COMPILER_APPICON_NAME = AppIcon;
				COMBINE_HIDPI_IMAGES = YES;
				GCC_PRECOMPILE_PREFIX_HEADER = YES;
				GCC_PREFIX_HEADER = "PowerMateDial/PowerMateDial-Prefix.pch";
				INFOPLIST_FILE = "PowerMateDial/PowerMateDial-Info.plist";
				MACOSX_DEPLOYMENT_TARGET = 10.7;
				PRODUCT_NAME = "$(TARGET_NAME)";
				WRAPPER_EXTENSION = app;
			};
			name = Release;
		};
/* End XCBuildConfiguration section */

/* Begin XCConfigurationList section */
		A63DC992182E128700298C9A /* Build configuration list for PBXProject "PowerMateApp" */ = {
			isa = XCConfigurationList;
			buildConfigurations = (
				A63DC9C6182E128700298C9A /* Debug */,
				A63DC9C7182E128700298C9A /* Release */,
			);
			defaultConfigurationIsVisible = 0;
			defaultConfigurationName = Release;
		};
		A6437A14183A5D5E005FE37C /* Build configuration list for PBXNativeTarget "PowerMateDialTests" */ = {
			isa = XCConfigurationList;
			buildConfigurations = (
				A6437A12183A5D5E005FE37C /* Debug */,
				A6437A13183A5D5E005FE37C /* Release */,
			);
			defaultConfigurationIsVisible = 0;
			defaultConfigurationName = Release;
		};
		A64659BF1830C99600634936 /* Build configuration list for PBXNativeTarget "PowerMateDial" */ = {
			isa = XCConfigurationList;
			buildConfigurations = (
				A64659BB1830C99600634936 /* Debug */,
				A64659BC1830C99600634936 /* Release */,
			);
			defaultConfigurationIsVisible = 0;
			defaultConfigurationName = Release;
		};
/* End XCConfigurationList section */
	};
	rootObject = A63DC98F182E128700298C9A /* Project object */;
}
